
Microsoft Visual Studio Solution File, Format Version 12.00
# Visual Studio 14
VisualStudioVersion = 14.0.25420.1
MinimumVisualStudioVersion = 10.0.40219.1
Project("{2150E333-8FDC-42A3-9474-1A3956D46DE8}") = "0 - Presentation", "0 - Presentation", "{FC3F8E72-278F-4528-9176-B247A01A9FCE}"
EndProject
Project("{2150E333-8FDC-42A3-9474-1A3956D46DE8}") = "1 - Distributed Services", "1 - Distributed Services", "{0EDE964C-BEF8-4FB0-89A0-CFAA418E7389}"
EndProject
Project("{2150E333-8FDC-42A3-9474-1A3956D46DE8}") = "2 - Application", "2 - Application", "{01D7A6BD-5312-4F1D-847A-AF79D97E2E84}"
EndProject
Project("{2150E333-8FDC-42A3-9474-1A3956D46DE8}") = "3 - Domain", "3 - Domain", "{33FCA142-EB6C-46EA-9029-328D785E2EAC}"
EndProject
Project("{2150E333-8FDC-42A3-9474-1A3956D46DE8}") = "4 - Infra", "4 - Infra", "{3EF93F89-D8E2-4772-8BF0-918DB7239AFB}"
EndProject
Project("{2150E333-8FDC-42A3-9474-1A3956D46DE8}") = "4.1 - Data", "4.1 - Data", "{B6A4D27E-2221-4ED1-8DBF-20EA4C067494}"
EndProject
Project("{2150E333-8FDC-42A3-9474-1A3956D46DE8}") = "4.2 - CrossCutting", "4.2 - CrossCutting", "{0ED99869-5C70-4934-9443-62AD186CAD90}"
EndProject
Project("{8BB2217D-0F2D-49D1-97BC-3654ED321F3B}") = "Domain", "src\Domain\Domain.xproj", "{9E7F0D46-EC25-43F3-B290-BEC21B76C96A}"
EndProject
Project("{8BB2217D-0F2D-49D1-97BC-3654ED321F3B}") = "Data", "src\Data\Data.xproj", "{5DBAD6A4-71F8-41E0-8151-A38EDCC61BF6}"
EndProject
Project("{2150E333-8FDC-42A3-9474-1A3956D46DE8}") = "4.2.1 - IoC", "4.2.1 - IoC", "{75751A5C-96F7-483E-B678-E84A42FAFA12}"
EndProject
Project("{8BB2217D-0F2D-49D1-97BC-3654ED321F3B}") = "IoC", "src\IoC\IoC.xproj", "{A9C3B1BC-3A6C-44E5-ACEA-2951FF3D704B}"
EndProject
Project("{8BB2217D-0F2D-49D1-97BC-3654ED321F3B}") = "Application", "src\Application\Application.xproj", "{A77D6B3F-7610-4457-864A-4F906FF2CDAD}"
EndProject
Project("{8BB2217D-0F2D-49D1-97BC-3654ED321F3B}") = "MVC6", "src\MVC6\MVC6.xproj", "{D599100D-C352-4B28-8F0B-A42BD3854583}"
EndProject
Global
	GlobalSection(SolutionConfigurationPlatforms) = preSolution
		Debug|Any CPU = Debug|Any CPU
		Release|Any CPU = Release|Any CPU
	EndGlobalSection
	GlobalSection(ProjectConfigurationPlatforms) = postSolution
		{9E7F0D46-EC25-43F3-B290-BEC21B76C96A}.Debug|Any CPU.ActiveCfg = Debug|Any CPU
		{9E7F0D46-EC25-43F3-B290-BEC21B76C96A}.Debug|Any CPU.Build.0 = Debug|Any CPU
		{9E7F0D46-EC25-43F3-B290-BEC21B76C96A}.Release|Any CPU.ActiveCfg = Release|Any CPU
		{9E7F0D46-EC25-43F3-B290-BEC21B76C96A}.Release|Any CPU.Build.0 = Release|Any CPU
		{5DBAD6A4-71F8-41E0-8151-A38EDCC61BF6}.Debug|Any CPU.ActiveCfg = Debug|Any CPU
		{5DBAD6A4-71F8-41E0-8151-A38EDCC61BF6}.Debug|Any CPU.Build.0 = Debug|Any CPU
		{5DBAD6A4-71F8-41E0-8151-A38EDCC61BF6}.Release|Any CPU.ActiveCfg = Release|Any CPU
		{5DBAD6A4-71F8-41E0-8151-A38EDCC61BF6}.Release|Any CPU.Build.0 = Release|Any CPU
		{A9C3B1BC-3A6C-44E5-ACEA-2951FF3D704B}.Debug|Any CPU.ActiveCfg = Debug|Any CPU
		{A9C3B1BC-3A6C-44E5-ACEA-2951FF3D704B}.Debug|Any CPU.Build.0 = Debug|Any CPU
		{A9C3B1BC-3A6C-44E5-ACEA-2951FF3D704B}.Release|Any CPU.ActiveCfg = Release|Any CPU
		{A9C3B1BC-3A6C-44E5-ACEA-2951FF3D704B}.Release|Any CPU.Build.0 = Release|Any CPU
		{A77D6B3F-7610-4457-864A-4F906FF2CDAD}.Debug|Any CPU.ActiveCfg = Debug|Any CPU
		{A77D6B3F-7610-4457-864A-4F906FF2CDAD}.Debug|Any CPU.Build.0 = Debug|Any CPU
		{A77D6B3F-7610-4457-864A-4F906FF2CDAD}.Release|Any CPU.ActiveCfg = Release|Any CPU
		{A77D6B3F-7610-4457-864A-4F906FF2CDAD}.Release|Any CPU.Build.0 = Release|Any CPU
		{D599100D-C352-4B28-8F0B-A42BD3854583}.Debug|Any CPU.ActiveCfg = Debug|Any CPU
		{D599100D-C352-4B28-8F0B-A42BD3854583}.Debug|Any CPU.Build.0 = Debug|Any CPU
		{D599100D-C352-4B28-8F0B-A42BD3854583}.Release|Any CPU.ActiveCfg = Release|Any CPU
		{D599100D-C352-4B28-8F0B-A42BD3854583}.Release|Any CPU.Build.0 = Release|Any CPU
	EndGlobalSection
	GlobalSection(SolutionProperties) = preSolution
		HideSolutionNode = FALSE
	EndGlobalSection
	GlobalSection(NestedProjects) = preSolution
		{B6A4D27E-2221-4ED1-8DBF-20EA4C067494} = {3EF93F89-D8E2-4772-8BF0-918DB7239AFB}
		{0ED99869-5C70-4934-9443-62AD186CAD90} = {3EF93F89-D8E2-4772-8BF0-918DB7239AFB}
		{9E7F0D46-EC25-43F3-B290-BEC21B76C96A} = {33FCA142-EB6C-46EA-9029-328D785E2EAC}
		{5DBAD6A4-71F8-41E0-8151-A38EDCC61BF6} = {B6A4D27E-2221-4ED1-8DBF-20EA4C067494}
		{75751A5C-96F7-483E-B678-E84A42FAFA12} = {0ED99869-5C70-4934-9443-62AD186CAD90}
		{A9C3B1BC-3A6C-44E5-ACEA-2951FF3D704B} = {75751A5C-96F7-483E-B678-E84A42FAFA12}
		{A77D6B3F-7610-4457-864A-4F906FF2CDAD} = {01D7A6BD-5312-4F1D-847A-AF79D97E2E84}
		{D599100D-C352-4B28-8F0B-A42BD3854583} = {FC3F8E72-278F-4528-9176-B247A01A9FCE}
	EndGlobalSection
EndGlobal
