
Microsoft Visual Studio Solution File, Format Version 12.00
# Visual Studio 14
VisualStudioVersion = 14.0.25420.1
MinimumVisualStudioVersion = 10.0.40219.1
Project("{8BB2217D-0F2D-49D1-97BC-3654ED321F3B}") = "Domain", "src\Domain\Domain.xproj", "{E26AF039-95C9-49C3-97CF-34834339771A}"
EndProject
Project("{8BB2217D-0F2D-49D1-97BC-3654ED321F3B}") = "Infra.Data", "src\Infra.Data\Infra.Data.xproj", "{1CDDE2A8-EEEF-4C95-91AC-9CE32518D54F}"
EndProject
Project("{8BB2217D-0F2D-49D1-97BC-3654ED321F3B}") = "CrossCutting.IoC", "src\CrossCutting.IoC\CrossCutting.IoC.xproj", "{1630311C-22BA-4F89-A384-B051664B0C70}"
EndProject
Project("{8BB2217D-0F2D-49D1-97BC-3654ED321F3B}") = "Application", "src\Application\Application.xproj", "{91CB6568-2255-468D-ACA4-684F3FA4E1A2}"
EndProject
Project("{2150E333-8FDC-42A3-9474-1A3956D46DE8}") = "2 - Application", "2 - Application", "{7D079286-7FA5-4FE2-9528-10A48B2F05E7}"
EndProject
Project("{2150E333-8FDC-42A3-9474-1A3956D46DE8}") = "3 - Domain", "3 - Domain", "{ED929537-5168-43E6-9B15-6DFD2EE8F71F}"
EndProject
Project("{2150E333-8FDC-42A3-9474-1A3956D46DE8}") = "4 - Infrastructure", "4 - Infrastructure", "{BD56CC4B-67F0-4B7D-A7AE-05E3D7730E66}"
EndProject
Project("{2150E333-8FDC-42A3-9474-1A3956D46DE8}") = "4.1 - Data", "4.1 - Data", "{475FED03-F613-4B93-9730-373CF752AAC3}"
EndProject
Project("{2150E333-8FDC-42A3-9474-1A3956D46DE8}") = "4.2 - Cross Cutting", "4.2 - Cross Cutting", "{0279499B-5F27-4E4B-B786-992E5606E877}"
EndProject
Project("{2150E333-8FDC-42A3-9474-1A3956D46DE8}") = "4.2.1 - IoC", "4.2.1 - IoC", "{76BF07CE-6377-4FF2-9516-C3677ACD552C}"
EndProject
Project("{2150E333-8FDC-42A3-9474-1A3956D46DE8}") = "0 - Presentation", "0 - Presentation", "{805B0C9F-9A94-43B4-AB91-67A8F2EB3ADE}"
EndProject
Project("{2150E333-8FDC-42A3-9474-1A3956D46DE8}") = "1 - Distributed Services", "1 - Distributed Services", "{A7BF6DC1-74A6-4A67-85B1-A748450B6760}"
EndProject
Project("{8BB2217D-0F2D-49D1-97BC-3654ED321F3B}") = "MVC6", "src\MVC6\MVC6.xproj", "{8BF9BA98-142F-47BB-867D-96310DDD57C0}"
EndProject
Global
	GlobalSection(SolutionConfigurationPlatforms) = preSolution
		Debug|Any CPU = Debug|Any CPU
		Release|Any CPU = Release|Any CPU
	EndGlobalSection
	GlobalSection(ProjectConfigurationPlatforms) = postSolution
		{E26AF039-95C9-49C3-97CF-34834339771A}.Debug|Any CPU.ActiveCfg = Debug|Any CPU
		{E26AF039-95C9-49C3-97CF-34834339771A}.Debug|Any CPU.Build.0 = Debug|Any CPU
		{E26AF039-95C9-49C3-97CF-34834339771A}.Release|Any CPU.ActiveCfg = Release|Any CPU
		{E26AF039-95C9-49C3-97CF-34834339771A}.Release|Any CPU.Build.0 = Release|Any CPU
		{1CDDE2A8-EEEF-4C95-91AC-9CE32518D54F}.Debug|Any CPU.ActiveCfg = Debug|Any CPU
		{1CDDE2A8-EEEF-4C95-91AC-9CE32518D54F}.Debug|Any CPU.Build.0 = Debug|Any CPU
		{1CDDE2A8-EEEF-4C95-91AC-9CE32518D54F}.Release|Any CPU.ActiveCfg = Release|Any CPU
		{1CDDE2A8-EEEF-4C95-91AC-9CE32518D54F}.Release|Any CPU.Build.0 = Release|Any CPU
		{1630311C-22BA-4F89-A384-B051664B0C70}.Debug|Any CPU.ActiveCfg = Debug|Any CPU
		{1630311C-22BA-4F89-A384-B051664B0C70}.Debug|Any CPU.Build.0 = Debug|Any CPU
		{1630311C-22BA-4F89-A384-B051664B0C70}.Release|Any CPU.ActiveCfg = Release|Any CPU
		{1630311C-22BA-4F89-A384-B051664B0C70}.Release|Any CPU.Build.0 = Release|Any CPU
		{91CB6568-2255-468D-ACA4-684F3FA4E1A2}.Debug|Any CPU.ActiveCfg = Debug|Any CPU
		{91CB6568-2255-468D-ACA4-684F3FA4E1A2}.Debug|Any CPU.Build.0 = Debug|Any CPU
		{91CB6568-2255-468D-ACA4-684F3FA4E1A2}.Release|Any CPU.ActiveCfg = Release|Any CPU
		{91CB6568-2255-468D-ACA4-684F3FA4E1A2}.Release|Any CPU.Build.0 = Release|Any CPU
		{8BF9BA98-142F-47BB-867D-96310DDD57C0}.Debug|Any CPU.ActiveCfg = Debug|Any CPU
		{8BF9BA98-142F-47BB-867D-96310DDD57C0}.Debug|Any CPU.Build.0 = Debug|Any CPU
		{8BF9BA98-142F-47BB-867D-96310DDD57C0}.Release|Any CPU.ActiveCfg = Release|Any CPU
		{8BF9BA98-142F-47BB-867D-96310DDD57C0}.Release|Any CPU.Build.0 = Release|Any CPU
	EndGlobalSection
	GlobalSection(SolutionProperties) = preSolution
		HideSolutionNode = FALSE
	EndGlobalSection
	GlobalSection(NestedProjects) = preSolution
		{E26AF039-95C9-49C3-97CF-34834339771A} = {ED929537-5168-43E6-9B15-6DFD2EE8F71F}
		{1CDDE2A8-EEEF-4C95-91AC-9CE32518D54F} = {475FED03-F613-4B93-9730-373CF752AAC3}
		{1630311C-22BA-4F89-A384-B051664B0C70} = {76BF07CE-6377-4FF2-9516-C3677ACD552C}
		{91CB6568-2255-468D-ACA4-684F3FA4E1A2} = {7D079286-7FA5-4FE2-9528-10A48B2F05E7}
		{475FED03-F613-4B93-9730-373CF752AAC3} = {BD56CC4B-67F0-4B7D-A7AE-05E3D7730E66}
		{0279499B-5F27-4E4B-B786-992E5606E877} = {BD56CC4B-67F0-4B7D-A7AE-05E3D7730E66}
		{76BF07CE-6377-4FF2-9516-C3677ACD552C} = {0279499B-5F27-4E4B-B786-992E5606E877}
		{8BF9BA98-142F-47BB-867D-96310DDD57C0} = {805B0C9F-9A94-43B4-AB91-67A8F2EB3ADE}
	EndGlobalSection
EndGlobal
